
Microsoft Visual Studio Solution File, Format Version 12.00
Project("{FAE04EC0-301F-11D3-BF4B-00C04F79EFBC}") = "Graphical", "Graphical\Graphical.csproj", "{883E3908-A3C7-4462-A3A4-460F7E4495F3}"
EndProject
Project("{FAE04EC0-301F-11D3-BF4B-00C04F79EFBC}") = "Graphical.UnitTests", "Graphical.UnitTests\Graphical.UnitTests.csproj", "{093010D5-8DA0-4BF6-B680-5B049C838F69}"
EndProject
Global
	GlobalSection(SolutionConfigurationPlatforms) = preSolution
		Debug|Any CPU = Debug|Any CPU
		Release|Any CPU = Release|Any CPU
	EndGlobalSection
	GlobalSection(ProjectConfigurationPlatforms) = postSolution
		{883E3908-A3C7-4462-A3A4-460F7E4495F3}.Debug|Any CPU.ActiveCfg = Debug|Any CPU
		{883E3908-A3C7-4462-A3A4-460F7E4495F3}.Debug|Any CPU.Build.0 = Debug|Any CPU
		{883E3908-A3C7-4462-A3A4-460F7E4495F3}.Release|Any CPU.ActiveCfg = Release|Any CPU
		{883E3908-A3C7-4462-A3A4-460F7E4495F3}.Release|Any CPU.Build.0 = Release|Any CPU
		{093010D5-8DA0-4BF6-B680-5B049C838F69}.Debug|Any CPU.ActiveCfg = Debug|Any CPU
		{093010D5-8DA0-4BF6-B680-5B049C838F69}.Debug|Any CPU.Build.0 = Debug|Any CPU
		{093010D5-8DA0-4BF6-B680-5B049C838F69}.Release|Any CPU.ActiveCfg = Release|Any CPU
		{093010D5-8DA0-4BF6-B680-5B049C838F69}.Release|Any CPU.Build.0 = Release|Any CPU
	EndGlobalSection
EndGlobal
